
Microsoft Visual Studio Solution File, Format Version 12.00
# Visual Studio Version 16
VisualStudioVersion = 16.0.28803.202
MinimumVisualStudioVersion = 10.0.40219.1
Project("{FAE04EC0-301F-11D3-BF4B-00C04F79EFBC}") = "SpeedrunKata", "SpeedrunKata\SpeedrunKata.csproj", "{C44393DC-4286-45B5-8D64-B6162449A255}"
EndProject
Project("{FAE04EC0-301F-11D3-BF4B-00C04F79EFBC}") = "SpeedrunKata.Tests", "SpeedrunKata.Tests\SpeedrunKata.Tests.csproj", "{13952982-FA2E-4A7B-B1FB-834BDC17FC71}"
EndProject
Global
	GlobalSection(SolutionConfigurationPlatforms) = preSolution
		Debug|Any CPU = Debug|Any CPU
		Release|Any CPU = Release|Any CPU
	EndGlobalSection
	GlobalSection(ProjectConfigurationPlatforms) = postSolution
		{C44393DC-4286-45B5-8D64-B6162449A255}.Debug|Any CPU.ActiveCfg = Debug|Any CPU
		{C44393DC-4286-45B5-8D64-B6162449A255}.Debug|Any CPU.Build.0 = Debug|Any CPU
		{C44393DC-4286-45B5-8D64-B6162449A255}.Release|Any CPU.ActiveCfg = Release|Any CPU
		{C44393DC-4286-45B5-8D64-B6162449A255}.Release|Any CPU.Build.0 = Release|Any CPU
		{13952982-FA2E-4A7B-B1FB-834BDC17FC71}.Debug|Any CPU.ActiveCfg = Debug|Any CPU
		{13952982-FA2E-4A7B-B1FB-834BDC17FC71}.Debug|Any CPU.Build.0 = Debug|Any CPU
		{13952982-FA2E-4A7B-B1FB-834BDC17FC71}.Release|Any CPU.ActiveCfg = Release|Any CPU
		{13952982-FA2E-4A7B-B1FB-834BDC17FC71}.Release|Any CPU.Build.0 = Release|Any CPU
	EndGlobalSection
	GlobalSection(SolutionProperties) = preSolution
		HideSolutionNode = FALSE
	EndGlobalSection
	GlobalSection(ExtensibilityGlobals) = postSolution
		SolutionGuid = {7DF90AC2-DD89-4A2F-94D2-467C55E24FC6}
	EndGlobalSection
EndGlobal
